{
  "name": "serverless-goof",
  "version": "1.0.0",
  "lockfileVersion": 1,
  "requires": true,
  "dependencies": {
    "dustjs-linkedin": {
      "version": "2.5.0",
      "resolved": "https://registry.npmjs.org/dustjs-linkedin/-/dustjs-linkedin-2.5.0.tgz",
      "integrity": "sha1-DMbjWJsRA9BuBG6Gr87deNcNchw="
    },
    "qs": {
      "version": "6.3.3",
      "resolved": "https://registry.npmjs.org/qs/-/qs-6.3.3.tgz",
      "integrity": "sha512-f8CQ/sKJBr9vfNJBdGiPzTSPUufuWyvOFkCYJKN9voqPWuBuhdlSZM78dOHKigtZ0BwuktYGrRFW2DXXc/f2Fg=="
    }
  }
}
